
Microsoft Visual Studio Solution File, Format Version 12.00
# Visual Studio Version 17
VisualStudioVersion = 17.12.35514.174
MinimumVisualStudioVersion = 10.0.40219.1
Project("{FAE04EC0-301F-11D3-BF4B-00C04F79EFBC}") = "day1", "day1\day1.csproj", "{71F483B2-4F59-48BD-A1A2-7908F820DBE3}"
EndProject
Project("{FAE04EC0-301F-11D3-BF4B-00C04F79EFBC}") = "day2", "day2\day2.csproj", "{2E2E83E3-5BE4-4551-88F5-B20177FEC15D}"
EndProject
Global
	GlobalSection(SolutionConfigurationPlatforms) = preSolution
		Debug|Any CPU = Debug|Any CPU
		Release|Any CPU = Release|Any CPU
	EndGlobalSection
	GlobalSection(ProjectConfigurationPlatforms) = postSolution
		{71F483B2-4F59-48BD-A1A2-7908F820DBE3}.Debug|Any CPU.ActiveCfg = Debug|Any CPU
		{71F483B2-4F59-48BD-A1A2-7908F820DBE3}.Debug|Any CPU.Build.0 = Debug|Any CPU
		{71F483B2-4F59-48BD-A1A2-7908F820DBE3}.Release|Any CPU.ActiveCfg = Release|Any CPU
		{71F483B2-4F59-48BD-A1A2-7908F820DBE3}.Release|Any CPU.Build.0 = Release|Any CPU
		{2E2E83E3-5BE4-4551-88F5-B20177FEC15D}.Debug|Any CPU.ActiveCfg = Debug|Any CPU
		{2E2E83E3-5BE4-4551-88F5-B20177FEC15D}.Debug|Any CPU.Build.0 = Debug|Any CPU
		{2E2E83E3-5BE4-4551-88F5-B20177FEC15D}.Release|Any CPU.ActiveCfg = Release|Any CPU
		{2E2E83E3-5BE4-4551-88F5-B20177FEC15D}.Release|Any CPU.Build.0 = Release|Any CPU
	EndGlobalSection
	GlobalSection(SolutionProperties) = preSolution
		HideSolutionNode = FALSE
	EndGlobalSection
EndGlobal
